
Microsoft Visual Studio Solution File, Format Version 12.00
Project("{FAE04EC0-301F-11D3-BF4B-00C04F79EFBC}") = "WebApplication", "WebApplication\WebApplication.csproj", "{8ABD0E15-534C-4AA4-8F4B-09280AB8B53D}"
EndProject
Global
	GlobalSection(SolutionConfigurationPlatforms) = preSolution
		Debug|Any CPU = Debug|Any CPU
		Release|Any CPU = Release|Any CPU
	EndGlobalSection
	GlobalSection(ProjectConfigurationPlatforms) = postSolution
		{8ABD0E15-534C-4AA4-8F4B-09280AB8B53D}.Debug|Any CPU.ActiveCfg = Debug|Any CPU
		{8ABD0E15-534C-4AA4-8F4B-09280AB8B53D}.Debug|Any CPU.Build.0 = Debug|Any CPU
		{8ABD0E15-534C-4AA4-8F4B-09280AB8B53D}.Release|Any CPU.ActiveCfg = Release|Any CPU
		{8ABD0E15-534C-4AA4-8F4B-09280AB8B53D}.Release|Any CPU.Build.0 = Release|Any CPU
	EndGlobalSection
EndGlobal
